// !$*UTF8*$!
{
	archiveVersion = 1;
	classes = {
	};
	objectVersion = 51;
	objects = {

/* Begin PBXBuildFile section */
		6505161B26C1F75000879532 /* AppDelegate+Extension.swift in Sources */ = {isa = PBXBuildFile; fileRef = 6505161A26C1F75000879532 /* AppDelegate+Extension.swift */; };
		656A184E26AA57D100A3F45D /* AppDelegate.swift in Sources */ = {isa = PBXBuildFile; fileRef = 656A184D26AA57D100A3F45D /* AppDelegate.swift */; };
		656A185026AA57D100A3F45D /* SceneDelegate.swift in Sources */ = {isa = PBXBuildFile; fileRef = 656A184F26AA57D100A3F45D /* SceneDelegate.swift */; };
		656A185A26AA57D400A3F45D /* LaunchScreen.storyboard in Resources */ = {isa = PBXBuildFile; fileRef = 656A185826AA57D400A3F45D /* LaunchScreen.storyboard */; };
		656A186226AA583100A3F45D /* Main.storyboard in Resources */ = {isa = PBXBuildFile; fileRef = 656A186126AA583100A3F45D /* Main.storyboard */; };
		656A186726AA585A00A3F45D /* CallViewModel.swift in Sources */ = {isa = PBXBuildFile; fileRef = 656A186526AA585900A3F45D /* CallViewModel.swift */; };
		656A186826AA585A00A3F45D /* CallVC.swift in Sources */ = {isa = PBXBuildFile; fileRef = 656A186626AA585A00A3F45D /* CallVC.swift */; };
		656A186A26AA586E00A3F45D /* ChatVC.swift in Sources */ = {isa = PBXBuildFile; fileRef = 656A186926AA586E00A3F45D /* ChatVC.swift */; };
		656A186E26AA587C00A3F45D /* AppID.swift in Sources */ = {isa = PBXBuildFile; fileRef = 656A186C26AA587C00A3F45D /* AppID.swift */; };
		656A186F26AA587C00A3F45D /* Reachability.swift in Sources */ = {isa = PBXBuildFile; fileRef = 656A186D26AA587C00A3F45D /* Reachability.swift */; };
		656A187126AA589000A3F45D /* Int+Extension.swift in Sources */ = {isa = PBXBuildFile; fileRef = 656A187026AA589000A3F45D /* Int+Extension.swift */; };
		656A187326AA58A300A3F45D /* Assets.xcassets in Resources */ = {isa = PBXBuildFile; fileRef = 656A187226AA58A300A3F45D /* Assets.xcassets */; };
		656A187A26AA5AD200A3F45D /* CallManager.swift in Sources */ = {isa = PBXBuildFile; fileRef = 656A187926AA5AD200A3F45D /* CallManager.swift */; };
		65C76BA526C049DE0010BDDB /* CallKit.framework in Frameworks */ = {isa = PBXBuildFile; fileRef = 65C76BA426C049DE0010BDDB /* CallKit.framework */; };
		65C76BA726C04E3A0010BDDB /* Data+Extension.swift in Sources */ = {isa = PBXBuildFile; fileRef = 65C76BA626C04E3A0010BDDB /* Data+Extension.swift */; };
		65C76BAB26C063A80010BDDB /* UIApplication+Extension.swift in Sources */ = {isa = PBXBuildFile; fileRef = 65C76BAA26C063A80010BDDB /* UIApplication+Extension.swift */; };
		65CB35E526BD40900024ECBC /* PushApiManager.swift in Sources */ = {isa = PBXBuildFile; fileRef = 65CB35E426BD40900024ECBC /* PushApiManager.swift */; };
		65CB35F826BD5BF80024ECBC /* ChannelNameGenerator.swift in Sources */ = {isa = PBXBuildFile; fileRef = 65CB35F726BD5BF80024ECBC /* ChannelNameGenerator.swift */; };
		92F4C24DCE519BD1A9322FF7 /* Pods_AgoraCall.framework in Frameworks */ = {isa = PBXBuildFile; fileRef = FC0CA0F993508F06DC645FC9 /* Pods_AgoraCall.framework */; };
/* End PBXBuildFile section */

/* Begin PBXCopyFilesBuildPhase section */
		65CB35F326BD5AEE0024ECBC /* Embed App Extensions */ = {
			isa = PBXCopyFilesBuildPhase;
			buildActionMask = 2147483647;
			dstPath = "";
			dstSubfolderSpec = 13;
			files = (
			);
			name = "Embed App Extensions";
			runOnlyForDeploymentPostprocessing = 0;
		};
/* End PBXCopyFilesBuildPhase section */

/* Begin PBXFileReference section */
		0BE61A33A82B79714988759F /* Pods-AgoraCall.debug.xcconfig */ = {isa = PBXFileReference; includeInIndex = 1; lastKnownFileType = text.xcconfig; name = "Pods-AgoraCall.debug.xcconfig"; path = "Target Support Files/Pods-AgoraCall/Pods-AgoraCall.debug.xcconfig"; sourceTree = "<group>"; };
		6505161A26C1F75000879532 /* AppDelegate+Extension.swift */ = {isa = PBXFileReference; lastKnownFileType = sourcecode.swift; path = "AppDelegate+Extension.swift"; sourceTree = "<group>"; };
		656A184A26AA57D100A3F45D /* AgoraCall.app */ = {isa = PBXFileReference; explicitFileType = wrapper.application; includeInIndex = 0; path = AgoraCall.app; sourceTree = BUILT_PRODUCTS_DIR; };
		656A184D26AA57D100A3F45D /* AppDelegate.swift */ = {isa = PBXFileReference; lastKnownFileType = sourcecode.swift; path = AppDelegate.swift; sourceTree = "<group>"; };
		656A184F26AA57D100A3F45D /* SceneDelegate.swift */ = {isa = PBXFileReference; lastKnownFileType = sourcecode.swift; path = SceneDelegate.swift; sourceTree = "<group>"; };
		656A185926AA57D400A3F45D /* Base */ = {isa = PBXFileReference; lastKnownFileType = file.storyboard; name = Base; path = Base.lproj/LaunchScreen.storyboard; sourceTree = "<group>"; };
		656A185B26AA57D400A3F45D /* Info.plist */ = {isa = PBXFileReference; lastKnownFileType = text.plist.xml; path = Info.plist; sourceTree = "<group>"; };
		656A186126AA583100A3F45D /* Main.storyboard */ = {isa = PBXFileReference; fileEncoding = 4; lastKnownFileType = file.storyboard; path = Main.storyboard; sourceTree = "<group>"; };
		656A186526AA585900A3F45D /* CallViewModel.swift */ = {isa = PBXFileReference; fileEncoding = 4; lastKnownFileType = sourcecode.swift; path = CallViewModel.swift; sourceTree = "<group>"; };
		656A186626AA585A00A3F45D /* CallVC.swift */ = {isa = PBXFileReference; fileEncoding = 4; lastKnownFileType = sourcecode.swift; path = CallVC.swift; sourceTree = "<group>"; };
		656A186926AA586E00A3F45D /* ChatVC.swift */ = {isa = PBXFileReference; fileEncoding = 4; lastKnownFileType = sourcecode.swift; path = ChatVC.swift; sourceTree = "<group>"; };
		656A186C26AA587C00A3F45D /* AppID.swift */ = {isa = PBXFileReference; fileEncoding = 4; lastKnownFileType = sourcecode.swift; path = AppID.swift; sourceTree = "<group>"; };
		656A186D26AA587C00A3F45D /* Reachability.swift */ = {isa = PBXFileReference; fileEncoding = 4; lastKnownFileType = sourcecode.swift; path = Reachability.swift; sourceTree = "<group>"; };
		656A187026AA589000A3F45D /* Int+Extension.swift */ = {isa = PBXFileReference; fileEncoding = 4; lastKnownFileType = sourcecode.swift; path = "Int+Extension.swift"; sourceTree = "<group>"; };
		656A187226AA58A300A3F45D /* Assets.xcassets */ = {isa = PBXFileReference; lastKnownFileType = folder.assetcatalog; path = Assets.xcassets; sourceTree = "<group>"; };
		656A187926AA5AD200A3F45D /* CallManager.swift */ = {isa = PBXFileReference; fileEncoding = 4; lastKnownFileType = sourcecode.swift; path = CallManager.swift; sourceTree = "<group>"; };
		65C76BA426C049DE0010BDDB /* CallKit.framework */ = {isa = PBXFileReference; lastKnownFileType = wrapper.framework; name = CallKit.framework; path = System/Library/Frameworks/CallKit.framework; sourceTree = SDKROOT; };
		65C76BA626C04E3A0010BDDB /* Data+Extension.swift */ = {isa = PBXFileReference; lastKnownFileType = sourcecode.swift; path = "Data+Extension.swift"; sourceTree = "<group>"; };
		65C76BAA26C063A80010BDDB /* UIApplication+Extension.swift */ = {isa = PBXFileReference; lastKnownFileType = sourcecode.swift; path = "UIApplication+Extension.swift"; sourceTree = "<group>"; };
		65CB35E426BD40900024ECBC /* PushApiManager.swift */ = {isa = PBXFileReference; lastKnownFileType = sourcecode.swift; path = PushApiManager.swift; sourceTree = "<group>"; };
		65CB35E626BD47480024ECBC /* AgoraCall.entitlements */ = {isa = PBXFileReference; lastKnownFileType = text.plist.entitlements; path = AgoraCall.entitlements; sourceTree = "<group>"; };
		65CB35F726BD5BF80024ECBC /* ChannelNameGenerator.swift */ = {isa = PBXFileReference; lastKnownFileType = sourcecode.swift; path = ChannelNameGenerator.swift; sourceTree = "<group>"; };
		E26E57908B42E5F34FECCA46 /* Pods-AgoraCall.release.xcconfig */ = {isa = PBXFileReference; includeInIndex = 1; lastKnownFileType = text.xcconfig; name = "Pods-AgoraCall.release.xcconfig"; path = "Target Support Files/Pods-AgoraCall/Pods-AgoraCall.release.xcconfig"; sourceTree = "<group>"; };
		FC0CA0F993508F06DC645FC9 /* Pods_AgoraCall.framework */ = {isa = PBXFileReference; explicitFileType = wrapper.framework; includeInIndex = 0; path = Pods_AgoraCall.framework; sourceTree = BUILT_PRODUCTS_DIR; };
/* End PBXFileReference section */

/* Begin PBXFrameworksBuildPhase section */
		656A184726AA57D100A3F45D /* Frameworks */ = {
			isa = PBXFrameworksBuildPhase;
			buildActionMask = 2147483647;
			files = (
				92F4C24DCE519BD1A9322FF7 /* Pods_AgoraCall.framework in Frameworks */,
				65C76BA526C049DE0010BDDB /* CallKit.framework in Frameworks */,
			);
			runOnlyForDeploymentPostprocessing = 0;
		};
/* End PBXFrameworksBuildPhase section */

/* Begin PBXGroup section */
		18286DF11B3578DE3549206A /* Pods */ = {
			isa = PBXGroup;
			children = (
				0BE61A33A82B79714988759F /* Pods-AgoraCall.debug.xcconfig */,
				E26E57908B42E5F34FECCA46 /* Pods-AgoraCall.release.xcconfig */,
			);
			path = Pods;
			sourceTree = "<group>";
		};
		47A5DF6FCFEA5104A77A8680 /* Frameworks */ = {
			isa = PBXGroup;
			children = (
				65C76BA426C049DE0010BDDB /* CallKit.framework */,
				FC0CA0F993508F06DC645FC9 /* Pods_AgoraCall.framework */,
			);
			name = Frameworks;
			sourceTree = "<group>";
		};
		6505161926C1F5AD00879532 /* AgoraModule */ = {
			isa = PBXGroup;
			children = (
				6505161A26C1F75000879532 /* AppDelegate+Extension.swift */,
				656A186326AA583F00A3F45D /* ViewControllers */,
				656A186B26AA587300A3F45D /* Helpers */,
			);
			path = AgoraModule;
			sourceTree = "<group>";
		};
		656A184126AA57D100A3F45D = {
			isa = PBXGroup;
			children = (
				656A184C26AA57D100A3F45D /* AgoraCall */,
				656A184B26AA57D100A3F45D /* Products */,
				18286DF11B3578DE3549206A /* Pods */,
				47A5DF6FCFEA5104A77A8680 /* Frameworks */,
			);
			sourceTree = "<group>";
		};
		656A184B26AA57D100A3F45D /* Products */ = {
			isa = PBXGroup;
			children = (
				656A184A26AA57D100A3F45D /* AgoraCall.app */,
			);
			name = Products;
			sourceTree = "<group>";
		};
		656A184C26AA57D100A3F45D /* AgoraCall */ = {
			isa = PBXGroup;
			children = (
				656A184D26AA57D100A3F45D /* AppDelegate.swift */,
				656A184F26AA57D100A3F45D /* SceneDelegate.swift */,
				6505161926C1F5AD00879532 /* AgoraModule */,
				65CB35E626BD47480024ECBC /* AgoraCall.entitlements */,
				656A186126AA583100A3F45D /* Main.storyboard */,
				656A185826AA57D400A3F45D /* LaunchScreen.storyboard */,
				656A187226AA58A300A3F45D /* Assets.xcassets */,
				656A185B26AA57D400A3F45D /* Info.plist */,
			);
			path = AgoraCall;
			sourceTree = "<group>";
		};
		656A186326AA583F00A3F45D /* ViewControllers */ = {
			isa = PBXGroup;
			children = (
				656A186926AA586E00A3F45D /* ChatVC.swift */,
				656A186426AA584F00A3F45D /* CallVC */,
			);
			path = ViewControllers;
			sourceTree = "<group>";
		};
		656A186426AA584F00A3F45D /* CallVC */ = {
			isa = PBXGroup;
			children = (
				656A186626AA585A00A3F45D /* CallVC.swift */,
				656A186526AA585900A3F45D /* CallViewModel.swift */,
			);
			path = CallVC;
			sourceTree = "<group>";
		};
		656A186B26AA587300A3F45D /* Helpers */ = {
			isa = PBXGroup;
			children = (
				656A186C26AA587C00A3F45D /* AppID.swift */,
				65C76BA926C063940010BDDB /* Extensions */,
				656A187926AA5AD200A3F45D /* CallManager.swift */,
				65CB35E426BD40900024ECBC /* PushApiManager.swift */,
				656A186D26AA587C00A3F45D /* Reachability.swift */,
				65CB35F726BD5BF80024ECBC /* ChannelNameGenerator.swift */,
			);
			path = Helpers;
			sourceTree = "<group>";
		};
		65C76BA926C063940010BDDB /* Extensions */ = {
			isa = PBXGroup;
			children = (
				65C76BAA26C063A80010BDDB /* UIApplication+Extension.swift */,
				656A187026AA589000A3F45D /* Int+Extension.swift */,
				65C76BA626C04E3A0010BDDB /* Data+Extension.swift */,
			);
			path = Extensions;
			sourceTree = "<group>";
		};
/* End PBXGroup section */

/* Begin PBXNativeTarget section */
		656A184926AA57D100A3F45D /* AgoraCall */ = {
			isa = PBXNativeTarget;
			buildConfigurationList = 656A185E26AA57D400A3F45D /* Build configuration list for PBXNativeTarget "AgoraCall" */;
			buildPhases = (
				2D79C6D7A2DAF04DB8FE58E0 /* [CP] Check Pods Manifest.lock */,
				656A184626AA57D100A3F45D /* Sources */,
				656A184726AA57D100A3F45D /* Frameworks */,
				656A184826AA57D100A3F45D /* Resources */,
				0DE69A81337F448C46160DA2 /* [CP] Embed Pods Frameworks */,
				65CB35F326BD5AEE0024ECBC /* Embed App Extensions */,
			);
			buildRules = (
			);
			dependencies = (
			);
			name = AgoraCall;
			productName = AgoraCall;
			productReference = 656A184A26AA57D100A3F45D /* AgoraCall.app */;
			productType = "com.apple.product-type.application";
		};
/* End PBXNativeTarget section */

/* Begin PBXProject section */
		656A184226AA57D100A3F45D /* Project object */ = {
			isa = PBXProject;
			attributes = {
				LastSwiftUpdateCheck = 1250;
				LastUpgradeCheck = 1250;
				TargetAttributes = {
					656A184926AA57D100A3F45D = {
						CreatedOnToolsVersion = 12.5;
					};
				};
			};
			buildConfigurationList = 656A184526AA57D100A3F45D /* Build configuration list for PBXProject "AgoraCall" */;
			compatibilityVersion = "Xcode 9.3";
			developmentRegion = en;
			hasScannedForEncodings = 0;
			knownRegions = (
				en,
				Base,
			);
			mainGroup = 656A184126AA57D100A3F45D;
			productRefGroup = 656A184B26AA57D100A3F45D /* Products */;
			projectDirPath = "";
			projectRoot = "";
			targets = (
				656A184926AA57D100A3F45D /* AgoraCall */,
			);
		};
/* End PBXProject section */

/* Begin PBXResourcesBuildPhase section */
		656A184826AA57D100A3F45D /* Resources */ = {
			isa = PBXResourcesBuildPhase;
			buildActionMask = 2147483647;
			files = (
				656A186226AA583100A3F45D /* Main.storyboard in Resources */,
				656A187326AA58A300A3F45D /* Assets.xcassets in Resources */,
				656A185A26AA57D400A3F45D /* LaunchScreen.storyboard in Resources */,
			);
			runOnlyForDeploymentPostprocessing = 0;
		};
/* End PBXResourcesBuildPhase section */

/* Begin PBXShellScriptBuildPhase section */
		0DE69A81337F448C46160DA2 /* [CP] Embed Pods Frameworks */ = {
			isa = PBXShellScriptBuildPhase;
			buildActionMask = 2147483647;
			files = (
			);
			inputFileListPaths = (
				"${PODS_ROOT}/Target Support Files/Pods-AgoraCall/Pods-AgoraCall-frameworks-${CONFIGURATION}-input-files.xcfilelist",
			);
			name = "[CP] Embed Pods Frameworks";
			outputFileListPaths = (
				"${PODS_ROOT}/Target Support Files/Pods-AgoraCall/Pods-AgoraCall-frameworks-${CONFIGURATION}-output-files.xcfilelist",
			);
			runOnlyForDeploymentPostprocessing = 0;
			shellPath = /bin/sh;
			shellScript = "\"${PODS_ROOT}/Target Support Files/Pods-AgoraCall/Pods-AgoraCall-frameworks.sh\"\n";
			showEnvVarsInLog = 0;
		};
		2D79C6D7A2DAF04DB8FE58E0 /* [CP] Check Pods Manifest.lock */ = {
			isa = PBXShellScriptBuildPhase;
			buildActionMask = 2147483647;
			files = (
			);
			inputFileListPaths = (
			);
			inputPaths = (
				"${PODS_PODFILE_DIR_PATH}/Podfile.lock",
				"${PODS_ROOT}/Manifest.lock",
			);
			name = "[CP] Check Pods Manifest.lock";
			outputFileListPaths = (
			);
			outputPaths = (
				"$(DERIVED_FILE_DIR)/Pods-AgoraCall-checkManifestLockResult.txt",
			);
			runOnlyForDeploymentPostprocessing = 0;
			shellPath = /bin/sh;
			shellScript = "diff \"${PODS_PODFILE_DIR_PATH}/Podfile.lock\" \"${PODS_ROOT}/Manifest.lock\" > /dev/null\nif [ $? != 0 ] ; then\n    # print error to STDERR\n    echo \"error: The sandbox is not in sync with the Podfile.lock. Run 'pod install' or update your CocoaPods installation.\" >&2\n    exit 1\nfi\n# This output is used by Xcode 'outputs' to avoid re-running this script phase.\necho \"SUCCESS\" > \"${SCRIPT_OUTPUT_FILE_0}\"\n";
			showEnvVarsInLog = 0;
		};
/* End PBXShellScriptBuildPhase section */

/* Begin PBXSourcesBuildPhase section */
		656A184626AA57D100A3F45D /* Sources */ = {
			isa = PBXSourcesBuildPhase;
			buildActionMask = 2147483647;
			files = (
				656A186F26AA587C00A3F45D /* Reachability.swift in Sources */,
				65C76BA726C04E3A0010BDDB /* Data+Extension.swift in Sources */,
				656A187126AA589000A3F45D /* Int+Extension.swift in Sources */,
				656A187A26AA5AD200A3F45D /* CallManager.swift in Sources */,
				656A186E26AA587C00A3F45D /* AppID.swift in Sources */,
				656A186826AA585A00A3F45D /* CallVC.swift in Sources */,
				656A186726AA585A00A3F45D /* CallViewModel.swift in Sources */,
				656A184E26AA57D100A3F45D /* AppDelegate.swift in Sources */,
				65CB35E526BD40900024ECBC /* PushApiManager.swift in Sources */,
				65CB35F826BD5BF80024ECBC /* ChannelNameGenerator.swift in Sources */,
				6505161B26C1F75000879532 /* AppDelegate+Extension.swift in Sources */,
				656A185026AA57D100A3F45D /* SceneDelegate.swift in Sources */,
				65C76BAB26C063A80010BDDB /* UIApplication+Extension.swift in Sources */,
				656A186A26AA586E00A3F45D /* ChatVC.swift in Sources */,
			);
			runOnlyForDeploymentPostprocessing = 0;
		};
/* End PBXSourcesBuildPhase section */

/* Begin PBXVariantGroup section */
		656A185826AA57D400A3F45D /* LaunchScreen.storyboard */ = {
			isa = PBXVariantGroup;
			children = (
				656A185926AA57D400A3F45D /* Base */,
			);
			name = LaunchScreen.storyboard;
			sourceTree = "<group>";
		};
/* End PBXVariantGroup section */

/* Begin XCBuildConfiguration section */
		656A185C26AA57D400A3F45D /* Debug */ = {
			isa = XCBuildConfiguration;
			buildSettings = {
				ALWAYS_SEARCH_USER_PATHS = NO;
				CLANG_ANALYZER_NONNULL = YES;
				CLANG_ANALYZER_NUMBER_OBJECT_CONVERSION = YES_AGGRESSIVE;
				CLANG_CXX_LANGUAGE_STANDARD = "gnu++14";
				CLANG_CXX_LIBRARY = "libc++";
				CLANG_ENABLE_MODULES = YES;
				CLANG_ENABLE_OBJC_ARC = YES;
				CLANG_ENABLE_OBJC_WEAK = YES;
				CLANG_WARN_BLOCK_CAPTURE_AUTORELEASING = YES;
				CLANG_WARN_BOOL_CONVERSION = YES;
				CLANG_WARN_COMMA = YES;
				CLANG_WARN_CONSTANT_CONVERSION = YES;
				CLANG_WARN_DEPRECATED_OBJC_IMPLEMENTATIONS = YES;
				CLANG_WARN_DIRECT_OBJC_ISA_USAGE = YES_ERROR;
				CLANG_WARN_DOCUMENTATION_COMMENTS = YES;
				CLANG_WARN_EMPTY_BODY = YES;
				CLANG_WARN_ENUM_CONVERSION = YES;
				CLANG_WARN_INFINITE_RECURSION = YES;
				CLANG_WARN_INT_CONVERSION = YES;
				CLANG_WARN_NON_LITERAL_NULL_CONVERSION = YES;
				CLANG_WARN_OBJC_IMPLICIT_RETAIN_SELF = YES;
				CLANG_WARN_OBJC_LITERAL_CONVERSION = YES;
				CLANG_WARN_OBJC_ROOT_CLASS = YES_ERROR;
				CLANG_WARN_QUOTED_INCLUDE_IN_FRAMEWORK_HEADER = YES;
				CLANG_WARN_RANGE_LOOP_ANALYSIS = YES;
				CLANG_WARN_STRICT_PROTOTYPES = YES;
				CLANG_WARN_SUSPICIOUS_MOVE = YES;
				CLANG_WARN_UNGUARDED_AVAILABILITY = YES_AGGRESSIVE;
				CLANG_WARN_UNREACHABLE_CODE = YES;
				CLANG_WARN__DUPLICATE_METHOD_MATCH = YES;
				COPY_PHASE_STRIP = NO;
				DEBUG_INFORMATION_FORMAT = dwarf;
				ENABLE_STRICT_OBJC_MSGSEND = YES;
				ENABLE_TESTABILITY = YES;
				GCC_C_LANGUAGE_STANDARD = gnu11;
				GCC_DYNAMIC_NO_PIC = NO;
				GCC_NO_COMMON_BLOCKS = YES;
				GCC_OPTIMIZATION_LEVEL = 0;
				GCC_PREPROCESSOR_DEFINITIONS = (
					"DEBUG=1",
					"$(inherited)",
				);
				GCC_WARN_64_TO_32_BIT_CONVERSION = YES;
				GCC_WARN_ABOUT_RETURN_TYPE = YES_ERROR;
				GCC_WARN_UNDECLARED_SELECTOR = YES;
				GCC_WARN_UNINITIALIZED_AUTOS = YES_AGGRESSIVE;
				GCC_WARN_UNUSED_FUNCTION = YES;
				GCC_WARN_UNUSED_VARIABLE = YES;
				IPHONEOS_DEPLOYMENT_TARGET = 14.5;
				MTL_ENABLE_DEBUG_INFO = INCLUDE_SOURCE;
				MTL_FAST_MATH = YES;
				ONLY_ACTIVE_ARCH = YES;
				SDKROOT = iphoneos;
				SWIFT_ACTIVE_COMPILATION_CONDITIONS = DEBUG;
				SWIFT_OPTIMIZATION_LEVEL = "-Onone";
			};
			name = Debug;
		};
		656A185D26AA57D400A3F45D /* Release */ = {
			isa = XCBuildConfiguration;
			buildSettings = {
				ALWAYS_SEARCH_USER_PATHS = NO;
				CLANG_ANALYZER_NONNULL = YES;
				CLANG_ANALYZER_NUMBER_OBJECT_CONVERSION = YES_AGGRESSIVE;
				CLANG_CXX_LANGUAGE_STANDARD = "gnu++14";
				CLANG_CXX_LIBRARY = "libc++";
				CLANG_ENABLE_MODULES = YES;
				CLANG_ENABLE_OBJC_ARC = YES;
				CLANG_ENABLE_OBJC_WEAK = YES;
				CLANG_WARN_BLOCK_CAPTURE_AUTORELEASING = YES;
				CLANG_WARN_BOOL_CONVERSION = YES;
				CLANG_WARN_COMMA = YES;
				CLANG_WARN_CONSTANT_CONVERSION = YES;
				CLANG_WARN_DEPRECATED_OBJC_IMPLEMENTATIONS = YES;
				CLANG_WARN_DIRECT_OBJC_ISA_USAGE = YES_ERROR;
				CLANG_WARN_DOCUMENTATION_COMMENTS = YES;
				CLANG_WARN_EMPTY_BODY = YES;
				CLANG_WARN_ENUM_CONVERSION = YES;
				CLANG_WARN_INFINITE_RECURSION = YES;
				CLANG_WARN_INT_CONVERSION = YES;
				CLANG_WARN_NON_LITERAL_NULL_CONVERSION = YES;
				CLANG_WARN_OBJC_IMPLICIT_RETAIN_SELF = YES;
				CLANG_WARN_OBJC_LITERAL_CONVERSION = YES;
				CLANG_WARN_OBJC_ROOT_CLASS = YES_ERROR;
				CLANG_WARN_QUOTED_INCLUDE_IN_FRAMEWORK_HEADER = YES;
				CLANG_WARN_RANGE_LOOP_ANALYSIS = YES;
				CLANG_WARN_STRICT_PROTOTYPES = YES;
				CLANG_WARN_SUSPICIOUS_MOVE = YES;
				CLANG_WARN_UNGUARDED_AVAILABILITY = YES_AGGRESSIVE;
				CLANG_WARN_UNREACHABLE_CODE = YES;
				CLANG_WARN__DUPLICATE_METHOD_MATCH = YES;
				COPY_PHASE_STRIP = NO;
				DEBUG_INFORMATION_FORMAT = "dwarf-with-dsym";
				ENABLE_NS_ASSERTIONS = NO;
				ENABLE_STRICT_OBJC_MSGSEND = YES;
				GCC_C_LANGUAGE_STANDARD = gnu11;
				GCC_NO_COMMON_BLOCKS = YES;
				GCC_WARN_64_TO_32_BIT_CONVERSION = YES;
				GCC_WARN_ABOUT_RETURN_TYPE = YES_ERROR;
				GCC_WARN_UNDECLARED_SELECTOR = YES;
				GCC_WARN_UNINITIALIZED_AUTOS = YES_AGGRESSIVE;
				GCC_WARN_UNUSED_FUNCTION = YES;
				GCC_WARN_UNUSED_VARIABLE = YES;
				IPHONEOS_DEPLOYMENT_TARGET = 14.5;
				MTL_ENABLE_DEBUG_INFO = NO;
				MTL_FAST_MATH = YES;
				SDKROOT = iphoneos;
				SWIFT_COMPILATION_MODE = wholemodule;
				SWIFT_OPTIMIZATION_LEVEL = "-O";
				VALIDATE_PRODUCT = YES;
			};
			name = Release;
		};
		656A185F26AA57D400A3F45D /* Debug */ = {
			isa = XCBuildConfiguration;
			baseConfigurationReference = 0BE61A33A82B79714988759F /* Pods-AgoraCall.debug.xcconfig */;
			buildSettings = {
				ALWAYS_EMBED_SWIFT_STANDARD_LIBRARIES = YES;
				ASSETCATALOG_COMPILER_APPICON_NAME = AppIcon;
				ASSETCATALOG_COMPILER_GLOBAL_ACCENT_COLOR_NAME = AccentColor;
				CODE_SIGN_ENTITLEMENTS = AgoraCall/AgoraCall.entitlements;
				CODE_SIGN_STYLE = Automatic;
				CURRENT_PROJECT_VERSION = 9;
				DEVELOPMENT_TEAM = KFQW6683CD;
				EXCLUDED_ARCHS = "";
				"EXCLUDED_ARCHS[sdk=iphonesimulator*]" = arm64;
				INFOPLIST_FILE = AgoraCall/Info.plist;
				IPHONEOS_DEPLOYMENT_TARGET = 13.0;
				LD_RUNPATH_SEARCH_PATHS = (
					"$(inherited)",
					"@executable_path/Frameworks",
				);
				PRODUCT_BUNDLE_IDENTIFIER = com.daoinek.AgoraCall;
				PRODUCT_NAME = "$(TARGET_NAME)";
				SWIFT_VERSION = 5.0;
				TARGETED_DEVICE_FAMILY = "1,2";
			};
			name = Debug;
		};
		656A186026AA57D400A3F45D /* Release */ = {
			isa = XCBuildConfiguration;
			baseConfigurationReference = E26E57908B42E5F34FECCA46 /* Pods-AgoraCall.release.xcconfig */;
			buildSettings = {
				ALWAYS_EMBED_SWIFT_STANDARD_LIBRARIES = YES;
				ASSETCATALOG_COMPILER_APPICON_NAME = AppIcon;
				ASSETCATALOG_COMPILER_GLOBAL_ACCENT_COLOR_NAME = AccentColor;
				CODE_SIGN_ENTITLEMENTS = AgoraCall/AgoraCall.entitlements;
				CODE_SIGN_STYLE = Automatic;
				CURRENT_PROJECT_VERSION = 9;
				DEVELOPMENT_TEAM = KFQW6683CD;
				"EXCLUDED_ARCHS[sdk=iphonesimulator*]" = arm64;
				INFOPLIST_FILE = AgoraCall/Info.plist;
				IPHONEOS_DEPLOYMENT_TARGET = 13.0;
				LD_RUNPATH_SEARCH_PATHS = (
					"$(inherited)",
					"@executable_path/Frameworks",
				);
				PRODUCT_BUNDLE_IDENTIFIER = com.daoinek.AgoraCall;
				PRODUCT_NAME = "$(TARGET_NAME)";
				SWIFT_VERSION = 5.0;
				TARGETED_DEVICE_FAMILY = "1,2";
			};
			name = Release;
		};
/* End XCBuildConfiguration section */

/* Begin XCConfigurationList section */
		656A184526AA57D100A3F45D /* Build configuration list for PBXProject "AgoraCall" */ = {
			isa = XCConfigurationList;
			buildConfigurations = (
				656A185C26AA57D400A3F45D /* Debug */,
				656A185D26AA57D400A3F45D /* Release */,
			);
			defaultConfigurationIsVisible = 0;
			defaultConfigurationName = Release;
		};
		656A185E26AA57D400A3F45D /* Build configuration list for PBXNativeTarget "AgoraCall" */ = {
			isa = XCConfigurationList;
			buildConfigurations = (
				656A185F26AA57D400A3F45D /* Debug */,
				656A186026AA57D400A3F45D /* Release */,
			);
			defaultConfigurationIsVisible = 0;
			defaultConfigurationName = Release;
		};
/* End XCConfigurationList section */
	};
	rootObject = 656A184226AA57D100A3F45D /* Project object */;
}
